
Microsoft Visual Studio Solution File, Format Version 11.00
# Visual Studio 2010
Project("{8BC9CEB8-8B4A-11D0-8D11-00A0C91BC942}") = "aFramework", "aFramework.vcxproj", "{246909B7-2EE3-453D-A290-88F022DFC73E}"
EndProject
Global
	GlobalSection(SolutionConfigurationPlatforms) = preSolution
		Debug|Win32 = Debug|Win32
		Release|Win32 = Release|Win32
	EndGlobalSection
	GlobalSection(ProjectConfigurationPlatforms) = postSolution
		{246909B7-2EE3-453D-A290-88F022DFC73E}.Debug|Win32.ActiveCfg = Debug|Win32
		{246909B7-2EE3-453D-A290-88F022DFC73E}.Debug|Win32.Build.0 = Debug|Win32
		{246909B7-2EE3-453D-A290-88F022DFC73E}.Release|Win32.ActiveCfg = Release|Win32
		{246909B7-2EE3-453D-A290-88F022DFC73E}.Release|Win32.Build.0 = Release|Win32
	EndGlobalSection
	GlobalSection(SolutionProperties) = preSolution
		HideSolutionNode = FALSE
	EndGlobalSection
EndGlobal
