<?xml version="1.0" encoding="utf-8"?>
<Project ToolsVersion="4.0" xmlns="http://schemas.microsoft.com/developer/msbuild/2003">
  <ItemGroup>
    <Filter Include="Framework">
      <UniqueIdentifier>{177b8d12-00f7-44af-8471-cd848795fda4}</UniqueIdentifier>
    </Filter>
    <Filter Include="Ejercicios">
      <UniqueIdentifier>{3cab2727-d217-40d7-8396-66ca11282cff}</UniqueIdentifier>
    </Filter>
    <Filter Include="Pruebas">
      <UniqueIdentifier>{c0c9784d-fab1-4e30-8d84-b3ad38f9e47e}</UniqueIdentifier>
    </Filter>
    <Filter Include="Framework\Pruebas Aux">
      <UniqueIdentifier>{1baf329c-7efe-417f-bc32-bd9863b06ee2}</UniqueIdentifier>
    </Filter>
  </ItemGroup>
  <ItemGroup>
    <ClCompile Include="Principal.cpp">
      <Filter>Framework</Filter>
    </ClCompile>
    <ClCompile Include="PruebasPropias.cpp">
      <Filter>Pruebas</Filter>
    </ClCompile>
    <ClCompile Include="PruebasAuxDefensa.cpp">
      <Filter>Framework\Pruebas Aux</Filter>
    </ClCompile>
    <ClCompile Include="ManejadorSalidaPrueba.cpp">
      <Filter>Framework</Filter>
    </ClCompile>
    <ClCompile Include="Pruebas.cpp">
      <Filter>Framework\Pruebas Aux</Filter>
    </ClCompile>
    <ClCompile Include="Defensa.cpp">
      <Filter>Ejercicios</Filter>
    </ClCompile>
    <ClCompile Include="PruebasDefensa.cpp">
      <Filter>Pruebas</Filter>
    </ClCompile>
    <ClCompile Include="FuncAux.cpp">
      <Filter>Framework</Filter>
    </ClCompile>
    <ClCompile Include="ColaArray.cpp">
      <Filter>Framework</Filter>
    </ClCompile>
    <ClCompile Include="EjerciciosArboles.cpp">
      <Filter>Ejercicios</Filter>
    </ClCompile>
    <ClCompile Include="EjerciciosListas.cpp">
      <Filter>Ejercicios</Filter>
    </ClCompile>
    <ClCompile Include="PruebasArboles.cpp">
      <Filter>Pruebas</Filter>
    </ClCompile>
    <ClCompile Include="PruebasListas.cpp">
      <Filter>Pruebas</Filter>
    </ClCompile>
    <ClCompile Include="PruebasAuxArboles.cpp">
      <Filter>Framework\Pruebas Aux</Filter>
    </ClCompile>
    <ClCompile Include="PruebasAuxListas.cpp">
      <Filter>Framework\Pruebas Aux</Filter>
    </ClCompile>
    <ClCompile Include="FuncAux_s.cpp">
      <Filter>Framework</Filter>
    </ClCompile>
    <ClCompile Include="EjerciciosComienzo.cpp">
      <Filter>Ejercicios</Filter>
    </ClCompile>
    <ClCompile Include="PruebasAuxComienzo.cpp">
      <Filter>Framework\Pruebas Aux</Filter>
    </ClCompile>
    <ClCompile Include="PruebasComienzo.cpp">
      <Filter>Pruebas</Filter>
    </ClCompile>
  </ItemGroup>
  <ItemGroup>
    <ClInclude Include="PruebasPropias.h">
      <Filter>Pruebas</Filter>
    </ClInclude>
    <ClInclude Include="PruebasAuxDefensa.h">
      <Filter>Framework\Pruebas Aux</Filter>
    </ClInclude>
    <ClInclude Include="ManejadorSalidaPrueba.h">
      <Filter>Framework</Filter>
    </ClInclude>
    <ClInclude Include="Definiciones.h">
      <Filter>Framework</Filter>
    </ClInclude>
    <ClInclude Include="Pruebas.h">
      <Filter>Framework\Pruebas Aux</Filter>
    </ClInclude>
    <ClInclude Include="Defensa.h">
      <Filter>Ejercicios</Filter>
    </ClInclude>
    <ClInclude Include="PruebasDefensa.h">
      <Filter>Pruebas</Filter>
    </ClInclude>
    <ClInclude Include="FuncAux.h">
      <Filter>Framework</Filter>
    </ClInclude>
    <ClInclude Include="ColaArray.h">
      <Filter>Framework</Filter>
    </ClInclude>
    <ClInclude Include="EjerciciosArboles.h">
      <Filter>Ejercicios</Filter>
    </ClInclude>
    <ClInclude Include="EjerciciosListas.h">
      <Filter>Ejercicios</Filter>
    </ClInclude>
    <ClInclude Include="PruebasArboles.h">
      <Filter>Pruebas</Filter>
    </ClInclude>
    <ClInclude Include="PruebasListas.h">
      <Filter>Pruebas</Filter>
    </ClInclude>
    <ClInclude Include="PruebasAuxArboles.h">
      <Filter>Framework\Pruebas Aux</Filter>
    </ClInclude>
    <ClInclude Include="PruebasAuxListas.h">
      <Filter>Framework\Pruebas Aux</Filter>
    </ClInclude>
    <ClInclude Include="FuncAux_s.h">
      <Filter>Framework</Filter>
    </ClInclude>
    <ClInclude Include="EjerciciosComienzo.h">
      <Filter>Ejercicios</Filter>
    </ClInclude>
    <ClInclude Include="PruebasAuxComienzo.h">
      <Filter>Framework\Pruebas Aux</Filter>
    </ClInclude>
    <ClInclude Include="PruebasComienzo.h">
      <Filter>Pruebas</Filter>
    </ClInclude>
  </ItemGroup>
</Project>